
Microsoft Visual Studio Solution File, Format Version 12.00
# Visual Studio Version 17
VisualStudioVersion = 17.0.32112.339
MinimumVisualStudioVersion = 10.0.40219.1
Project("{FAE04EC0-301F-11D3-BF4B-00C04F79EFBC}") = "MorseCodeAPI", "MorseCodeAPI\MorseCodeAPI.csproj", "{BB68D65C-9534-4E61-924F-B8ABC8EB2BEA}"
EndProject
Global
	GlobalSection(SolutionConfigurationPlatforms) = preSolution
		Debug|Any CPU = Debug|Any CPU
		Release|Any CPU = Release|Any CPU
	EndGlobalSection
	GlobalSection(ProjectConfigurationPlatforms) = postSolution
		{BB68D65C-9534-4E61-924F-B8ABC8EB2BEA}.Debug|Any CPU.ActiveCfg = Debug|Any CPU
		{BB68D65C-9534-4E61-924F-B8ABC8EB2BEA}.Debug|Any CPU.Build.0 = Debug|Any CPU
		{BB68D65C-9534-4E61-924F-B8ABC8EB2BEA}.Release|Any CPU.ActiveCfg = Release|Any CPU
		{BB68D65C-9534-4E61-924F-B8ABC8EB2BEA}.Release|Any CPU.Build.0 = Release|Any CPU
	EndGlobalSection
	GlobalSection(SolutionProperties) = preSolution
		HideSolutionNode = FALSE
	EndGlobalSection
	GlobalSection(ExtensibilityGlobals) = postSolution
		SolutionGuid = {A8CC4654-34CB-4FC0-9982-08343C08CA44}
	EndGlobalSection
EndGlobal
